
Microsoft Visual Studio Solution File, Format Version 12.00
# Visual Studio Version 16
VisualStudioVersion = 16.0.32901.82
MinimumVisualStudioVersion = 10.0.40219.1
Project("{8BC9CEB8-8B4A-11D0-8D11-00A0C91BC942}") = "Algorithm", "Algorithm\Algorithm.vcxproj", "{CFE768E2-277A-4F1D-B7B4-FD747346EF25}"
EndProject
Global
	GlobalSection(SolutionConfigurationPlatforms) = preSolution
		Debug|x64 = Debug|x64
		Debug|x86 = Debug|x86
		Release|x64 = Release|x64
		Release|x86 = Release|x86
	EndGlobalSection
	GlobalSection(ProjectConfigurationPlatforms) = postSolution
		{CFE768E2-277A-4F1D-B7B4-FD747346EF25}.Debug|x64.ActiveCfg = Debug|x64
		{CFE768E2-277A-4F1D-B7B4-FD747346EF25}.Debug|x64.Build.0 = Debug|x64
		{CFE768E2-277A-4F1D-B7B4-FD747346EF25}.Debug|x86.ActiveCfg = Debug|Win32
		{CFE768E2-277A-4F1D-B7B4-FD747346EF25}.Debug|x86.Build.0 = Debug|Win32
		{CFE768E2-277A-4F1D-B7B4-FD747346EF25}.Release|x64.ActiveCfg = Release|x64
		{CFE768E2-277A-4F1D-B7B4-FD747346EF25}.Release|x64.Build.0 = Release|x64
		{CFE768E2-277A-4F1D-B7B4-FD747346EF25}.Release|x86.ActiveCfg = Release|Win32
		{CFE768E2-277A-4F1D-B7B4-FD747346EF25}.Release|x86.Build.0 = Release|Win32
	EndGlobalSection
	GlobalSection(SolutionProperties) = preSolution
		HideSolutionNode = FALSE
	EndGlobalSection
	GlobalSection(ExtensibilityGlobals) = postSolution
		SolutionGuid = {52A61769-253E-4D33-B6F1-B319F4D604BC}
	EndGlobalSection
EndGlobal
